{
    "_readme": [
        "This file locks the dependencies of your project to a known state",
        "Read more about it at https://getcomposer.org/doc/01-basic-usage.md#installing-dependencies",
        "This file is @generated automatically"
    ],
    "content-hash": "cf12ef7655e4df3d886a915908d689c3",
    "packages": [
        {
            "name": "ip2location/ip2location-csv-converter",
            "version": "1.2.7",
            "source": {
                "type": "git",
                "url": "https://github.com/ip2location/ip2location-csv-converter.git",
                "reference": "6317f86856fa8d0e383cdc21c6a18b8894109ebb"
            },
            "dist": {
                "type": "zip",
                "url": "https://api.github.com/repos/ip2location/ip2location-csv-converter/zipball/6317f86856fa8d0e383cdc21c6a18b8894109ebb",
                "reference": "6317f86856fa8d0e383cdc21c6a18b8894109ebb",
                "shasum": ""
            },
            "require": {
                "ext-bcmath": "*",
                "mlocati/ip-lib": "^1"
            },
            "type": "library",
            "autoload": {
                "classmap": [
                    "ip2location-csv-converter.php"
                ]
            },
            "notification-url": "https://packagist.org/downloads/",
            "license": [
                "MIT"
            ],
            "authors": [
                {
                    "name": "IP2Location",
                    "email": "support@ip2location.com",
                    "homepage": "https://www.ip2location.com"
                }
            ],
            "description": "This PHP script converts IP2Location CSV database into IP range or CIDR format.",
            "homepage": "https://www.ip2location.com",
            "keywords": [
                "converter",
                "csv",
                "geolocation",
                "ip2location",
                "ip2locationlite"
            ],
            "support": {
                "issues": "https://github.com/ip2location/ip2location-csv-converter/issues",
                "source": "https://github.com/ip2location/ip2location-csv-converter/tree/1.2.7"
            },
            "time": "2023-11-10T05:48:05+00:00"
        },
        {
            "name": "mlocati/ip-lib",
            "version": "1.18.0",
            "source": {
                "type": "git",
                "url": "https://github.com/mlocati/ip-lib.git",
                "reference": "c77bd0b1f3e3956c7e9661e75cb1f54ed67d95d2"
            },
            "dist": {
                "type": "zip",
                "url": "https://api.github.com/repos/mlocati/ip-lib/zipball/c77bd0b1f3e3956c7e9661e75cb1f54ed67d95d2",
                "reference": "c77bd0b1f3e3956c7e9661e75cb1f54ed67d95d2",
                "shasum": ""
            },
            "require": {
                "php": ">=5.3.3"
            },
            "require-dev": {
                "ext-pdo_sqlite": "*",
                "phpunit/phpunit": "^4.8 || ^5.7 || ^6.5 || ^7.5 || ^8.5 || ^9.5"
            },
            "type": "library",
            "autoload": {
                "psr-4": {
                    "IPLib\\": "src/"
                }
            },
            "notification-url": "https://packagist.org/downloads/",
            "license": [
                "MIT"
            ],
            "authors": [
                {
                    "name": "Michele Locati",
                    "email": "mlocati@gmail.com",
                    "homepage": "https://github.com/mlocati",
                    "role": "Author"
                }
            ],
            "description": "Handle IPv4, IPv6 addresses and ranges",
            "homepage": "https://github.com/mlocati/ip-lib",
            "keywords": [
                "IP",
                "address",
                "addresses",
                "ipv4",
                "ipv6",
                "manage",
                "managing",
                "matching",
                "network",
                "networking",
                "range",
                "subnet"
            ],
            "support": {
                "issues": "https://github.com/mlocati/ip-lib/issues",
                "source": "https://github.com/mlocati/ip-lib/tree/1.18.0"
            },
            "funding": [
                {
                    "url": "https://github.com/sponsors/mlocati",
                    "type": "github"
                },
                {
                    "url": "https://paypal.me/mlocati",
                    "type": "other"
                }
            ],
            "time": "2022-01-13T18:05:33+00:00"
        }
    ],
    "packages-dev": [],
    "aliases": [],
    "minimum-stability": "stable",
    "stability-flags": [],
    "prefer-stable": false,
    "prefer-lowest": false,
    "platform": [],
    "platform-dev": [],
    "plugin-api-version": "2.6.0"
}
